
Microsoft Visual Studio Solution File, Format Version 12.00
# Visual Studio 15
VisualStudioVersion = 15.0.27428.2027
MinimumVisualStudioVersion = 10.0.40219.1
Project("{E24C65DC-7377-472B-9ABA-BC803B73C61A}") = "TR_SOURCE", ".", "{51DFAC55-2616-46F2-B38B-974397E8A4A5}"
	ProjectSection(WebsiteProperties) = preProject
		TargetFrameworkMoniker = ".NETFramework,Version%3Dv4.5"
		Debug.AspNetCompiler.VirtualPath = "/localhost_8311"
		Debug.AspNetCompiler.PhysicalPath = "..\taskmanager\"
		Debug.AspNetCompiler.TargetPath = "PrecompiledWeb\localhost_8311\"
		Debug.AspNetCompiler.Updateable = "true"
		Debug.AspNetCompiler.ForceOverwrite = "true"
		Debug.AspNetCompiler.FixedNames = "false"
		Debug.AspNetCompiler.Debug = "True"
		Release.AspNetCompiler.VirtualPath = "/localhost_8311"
		Release.AspNetCompiler.PhysicalPath = "..\taskmanager\"
		Release.AspNetCompiler.TargetPath = "PrecompiledWeb\localhost_8311\"
		Release.AspNetCompiler.Updateable = "true"
		Release.AspNetCompiler.ForceOverwrite = "true"
		Release.AspNetCompiler.FixedNames = "false"
		Release.AspNetCompiler.Debug = "False"
		VWDPort = "8311"
		SlnRelativePath = "..\taskmanager\"
	EndProjectSection
EndProject
Project("{FAE04EC0-301F-11D3-BF4B-00C04F79EFBC}") = "UTest", "UTest\UTest.csproj", "{AC553573-D016-402B-AD9C-9124B85E667A}"
EndProject
Global
	GlobalSection(SolutionConfigurationPlatforms) = preSolution
		Debug|Any CPU = Debug|Any CPU
		Release|Any CPU = Release|Any CPU
	EndGlobalSection
	GlobalSection(ProjectConfigurationPlatforms) = postSolution
		{51DFAC55-2616-46F2-B38B-974397E8A4A5}.Debug|Any CPU.ActiveCfg = Debug|Any CPU
		{51DFAC55-2616-46F2-B38B-974397E8A4A5}.Debug|Any CPU.Build.0 = Debug|Any CPU
		{51DFAC55-2616-46F2-B38B-974397E8A4A5}.Release|Any CPU.ActiveCfg = Debug|Any CPU
		{51DFAC55-2616-46F2-B38B-974397E8A4A5}.Release|Any CPU.Build.0 = Debug|Any CPU
		{AC553573-D016-402B-AD9C-9124B85E667A}.Debug|Any CPU.ActiveCfg = Debug|Any CPU
		{AC553573-D016-402B-AD9C-9124B85E667A}.Debug|Any CPU.Build.0 = Debug|Any CPU
		{AC553573-D016-402B-AD9C-9124B85E667A}.Release|Any CPU.ActiveCfg = Release|Any CPU
		{AC553573-D016-402B-AD9C-9124B85E667A}.Release|Any CPU.Build.0 = Release|Any CPU
	EndGlobalSection
	GlobalSection(SolutionProperties) = preSolution
		HideSolutionNode = FALSE
	EndGlobalSection
	GlobalSection(ExtensibilityGlobals) = postSolution
		SolutionGuid = {1F81317D-9C91-4548-B8B9-786179289466}
	EndGlobalSection
EndGlobal
